# @generated - this file is auto-generated by `mise lock` https://mise.jdx.dev/dev-tools/mise-lock.html

lockfile_version = 3

[[tools.cmake]]
version = "4.3.5"
backend = "aqua:Kitware/CMake"
specifiers = ["4.3"]

[tools.cmake."platforms.linux-arm64"]
checksum = "sha256:0ccecc2ba6b5ed4a97fbfd1f52136a9120262908185d8419c1ed2abb09199245"
url = "https://github.com/Kitware/CMake/releases/download/v4.3.5/cmake-4.3.5-linux-aarch64.tar.gz"
url_api = "https://api.github.com/repos/Kitware/CMake/releases/assets/544559684"

[tools.cmake."platforms.linux-arm64-musl"]
checksum = "sha256:0ccecc2ba6b5ed4a97fbfd1f52136a9120262908185d8419c1ed2abb09199245"
url = "https://github.com/Kitware/CMake/releases/download/v4.3.5/cmake-4.3.5-linux-aarch64.tar.gz"
url_api = "https://api.github.com/repos/Kitware/CMake/releases/assets/544559684"

[tools.cmake."platforms.linux-x64"]
checksum = "sha256:ecb787a0439cf4324a3554b08bf0bb4894fb8c497763a43c6895d2a1bfd6a9fa"
url = "https://github.com/Kitware/CMake/releases/download/v4.3.5/cmake-4.3.5-linux-x86_64.tar.gz"
url_api = "https://api.github.com/repos/Kitware/CMake/releases/assets/544560292"

[tools.cmake."platforms.linux-x64-musl"]
checksum = "sha256:ecb787a0439cf4324a3554b08bf0bb4894fb8c497763a43c6895d2a1bfd6a9fa"
url = "https://github.com/Kitware/CMake/releases/download/v4.3.5/cmake-4.3.5-linux-x86_64.tar.gz"
url_api = "https://api.github.com/repos/Kitware/CMake/releases/assets/544560292"

[tools.cmake."platforms.macos-arm64"]
checksum = "sha256:6582cace312c720fc3c70f2ccbcbb26771997409bb4fda490591e07ab4084a5d"
url = "https://github.com/Kitware/CMake/releases/download/v4.3.5/cmake-4.3.5-macos-universal.tar.gz"
url_api = "https://api.github.com/repos/Kitware/CMake/releases/assets/544561013"

[tools.cmake."platforms.macos-x64"]
checksum = "sha256:6582cace312c720fc3c70f2ccbcbb26771997409bb4fda490591e07ab4084a5d"
url = "https://github.com/Kitware/CMake/releases/download/v4.3.5/cmake-4.3.5-macos-universal.tar.gz"
url_api = "https://api.github.com/repos/Kitware/CMake/releases/assets/544561013"

[tools.cmake."platforms.windows-x64"]
checksum = "sha256:c05a60d22d5df22d75a72ae9b6628ef5f20daee4f4ba380920e1fbbeaf244fc1"
url = "https://github.com/Kitware/CMake/releases/download/v4.3.5/cmake-4.3.5-windows-x86_64.zip"
url_api = "https://api.github.com/repos/Kitware/CMake/releases/assets/544564355"

[[tools.dotnet]]
version = "8.0.425"
backend = "core:dotnet"
specifiers = ["8.0"]

[[tools."http:vnbuild"]]
version = "1.3.0-no-ref-dep-manager.1"
backend = "http:vnbuild"
specifiers = ["1.3.0-no-ref-dep-manager.1"]

[tools."http:vnbuild"."platforms.linux-arm64"]
checksum = "sha256:A2D4A8898F194531A7CF919D571F3911E68B8E3D80940BA6B52EA24ECC577BD8"
url = "https://www.vaughnnugent.com/public/resources/software/builds/vnbuild/5c45b67b82172479f5e57ab79b59553042f50e92/vnbuild/linux-arm64.tgz"

[tools."http:vnbuild"."platforms.linux-arm64-musl"]
checksum = "sha256:A2D4A8898F194531A7CF919D571F3911E68B8E3D80940BA6B52EA24ECC577BD8"
url = "https://www.vaughnnugent.com/public/resources/software/builds/vnbuild/5c45b67b82172479f5e57ab79b59553042f50e92/vnbuild/linux-arm64.tgz"

[tools."http:vnbuild"."platforms.linux-x64"]
checksum = "sha256:9C4B616C91AC1FB5B453C800558FEDD7A9135FD5F6ECE76C320E1ADC6B16F881"
url = "https://www.vaughnnugent.com/public/resources/software/builds/vnbuild/5c45b67b82172479f5e57ab79b59553042f50e92/vnbuild/linux-x64.tgz"

[tools."http:vnbuild"."platforms.linux-x64-musl"]
checksum = "sha256:9C4B616C91AC1FB5B453C800558FEDD7A9135FD5F6ECE76C320E1ADC6B16F881"
url = "https://www.vaughnnugent.com/public/resources/software/builds/vnbuild/5c45b67b82172479f5e57ab79b59553042f50e92/vnbuild/linux-x64.tgz"

[tools."http:vnbuild"."platforms.windows-x64"]
checksum = "sha256:7CFB5A70C93AA5C407F5847992B5984F741B88B51680E0581FDB748E7CE6A779"
url = "https://www.vaughnnugent.com/public/resources/software/builds/vnbuild/5c45b67b82172479f5e57ab79b59553042f50e92/vnbuild/win-x64.tgz"

[[tools.node]]
version = "26.10.0"
backend = "core:node"
specifiers = ["26"]

[tools.node."platforms.linux-arm64"]
checksum = "sha256:423a41bff8e2a2fa15e702fefe2919ef95823b2378744daccb8439302534b44f"
url = "https://nodejs.org/dist/v26.10.0/node-v26.10.0-linux-arm64.tar.gz"

[tools.node."platforms.linux-arm64-musl"]
checksum = "sha256:d26027bff3197050d2a2b0bfa151b18e8378ed81affa2bf5093804db158979b6"
url = "https://unofficial-builds.nodejs.org/download/release/v26.10.0/node-v26.10.0-linux-arm64-musl.tar.gz"

[tools.node."platforms.linux-x64"]
checksum = "sha256:cb5c9ce9c80d7b8821e3a258543c71b939138cf17c74d5cc44bbe85d6dbc5ad8"
url = "https://nodejs.org/dist/v26.10.0/node-v26.10.0-linux-x64.tar.gz"

[tools.node."platforms.linux-x64-musl"]
checksum = "sha256:e42da94821b9422eb76bf5aaf4de0977e04ba320b8aff6148d895a94b08ee223"
url = "https://unofficial-builds.nodejs.org/download/release/v26.10.0/node-v26.10.0-linux-x64-musl.tar.gz"

[tools.node."platforms.macos-arm64"]
checksum = "sha256:751fdf7439f115d87ee2a8f3f18c065b6151852068e3e666ac60ac2996f75ac9"
url = "https://nodejs.org/dist/v26.10.0/node-v26.10.0-darwin-arm64.tar.gz"

[tools.node."platforms.macos-x64"]
checksum = "sha256:ebbe9ab9b58ad6bb54390d6e2c862c1afa7d4475fb7e8ae8146acde211bf70df"
url = "https://nodejs.org/dist/v26.10.0/node-v26.10.0-darwin-x64.tar.gz"

[tools.node."platforms.windows-x64"]
checksum = "sha256:9fef7eca6743a6b910989cd8e78712376b394fcb9b6e1e9c44a0799a287f90c5"
url = "https://nodejs.org/dist/v26.10.0/node-v26.10.0-win-x64.zip"

[[tools.pnpm]]
version = "11.23.0"
backend = "aqua:pnpm/pnpm"
specifiers = ["11"]

[tools.pnpm."platforms.linux-arm64"]
checksum = "sha256:e866ac26be184623027515f85087b760aa6479960e13c67f64c8955f2ef5a633"
url = "https://github.com/pnpm/pnpm/releases/download/v11.23.0/pnpm-linux-arm64.tar.gz"
url_api = "https://api.github.com/repos/pnpm/pnpm/releases/assets/526301673"
provenance = "github-attestations"

[tools.pnpm."platforms.linux-arm64-musl"]
checksum = "sha256:a890712731cf9d92e04527d3032ff5494ba8885ad29bd1e8c333da76780b2d62"
url = "https://github.com/pnpm/pnpm/releases/download/v11.23.0/pnpm-linux-arm64-musl.tar.gz"
url_api = "https://api.github.com/repos/pnpm/pnpm/releases/assets/526301668"
provenance = "github-attestations"

[tools.pnpm."platforms.linux-x64"]
checksum = "sha256:a4b2db2abce199330fe50d45fe8d608582c362c5cc8139f8f36cf116d9c72117"
url = "https://github.com/pnpm/pnpm/releases/download/v11.23.0/pnpm-linux-x64.tar.gz"
url_api = "https://api.github.com/repos/pnpm/pnpm/releases/assets/526301664"
provenance = "github-attestations"

[tools.pnpm."platforms.linux-x64-musl"]
checksum = "sha256:b52ce5deb3bf284a482699d916d531012d898256a3c4e5230c57441bc112ad71"
url = "https://github.com/pnpm/pnpm/releases/download/v11.23.0/pnpm-linux-x64-musl.tar.gz"
url_api = "https://api.github.com/repos/pnpm/pnpm/releases/assets/526301666"
provenance = "github-attestations"

[tools.pnpm."platforms.macos-arm64"]
checksum = "sha256:fd591816355faf0a77864b6bd9cee7c1fdb3953d339ea32dd197d7ceccbdc4b1"
url = "https://github.com/pnpm/pnpm/releases/download/v11.23.0/pnpm-darwin-arm64.tar.gz"
url_api = "https://api.github.com/repos/pnpm/pnpm/releases/assets/526301671"
provenance = "github-attestations"

[tools.pnpm."platforms.windows-x64"]
checksum = "sha256:55f9836c9fa93ca48d0e27ed0864f8bc91b0d3df8cb4b8ece43cfb6da3b090c2"
url = "https://github.com/pnpm/pnpm/releases/download/v11.23.0/pnpm-win32-x64.zip"
url_api = "https://api.github.com/repos/pnpm/pnpm/releases/assets/526301672"
provenance = "github-attestations"

[[tools.task]]
version = "3.54.0"
backend = "aqua:go-task/task"
specifiers = ["3.54"]

[tools.task."platforms.linux-arm64"]
checksum = "sha256:d7189d439d4a6058e39e1b2acd7c8b27acd4856691b408f23b242e4294e1df5b"
url = "https://github.com/go-task/task/releases/download/v3.54.0/task_linux_arm64.tar.gz"
url_api = "https://api.github.com/repos/go-task/task/releases/assets/604090041"

[tools.task."platforms.linux-arm64-musl"]
checksum = "sha256:d7189d439d4a6058e39e1b2acd7c8b27acd4856691b408f23b242e4294e1df5b"
url = "https://github.com/go-task/task/releases/download/v3.54.0/task_linux_arm64.tar.gz"
url_api = "https://api.github.com/repos/go-task/task/releases/assets/604090041"

[tools.task."platforms.linux-x64"]
checksum = "sha256:680859dbb4d881a9c72d4d9a8f510825450849af8567deacd7302c01124416fb"
url = "https://github.com/go-task/task/releases/download/v3.54.0/task_linux_amd64.tar.gz"
url_api = "https://api.github.com/repos/go-task/task/releases/assets/604090073"

[tools.task."platforms.linux-x64-musl"]
checksum = "sha256:680859dbb4d881a9c72d4d9a8f510825450849af8567deacd7302c01124416fb"
url = "https://github.com/go-task/task/releases/download/v3.54.0/task_linux_amd64.tar.gz"
url_api = "https://api.github.com/repos/go-task/task/releases/assets/604090073"

[tools.task."platforms.macos-arm64"]
checksum = "sha256:12a69fcf37bb8d5bc9150c44f9a936775b73e59ff044c2c245232f198c135637"
url = "https://github.com/go-task/task/releases/download/v3.54.0/task_darwin_arm64.tar.gz"
url_api = "https://api.github.com/repos/go-task/task/releases/assets/604090068"

[tools.task."platforms.macos-x64"]
checksum = "sha256:0543b0844a725814c0412d3f4bed12873ce9ed0da207b15775f63a97d734aac0"
url = "https://github.com/go-task/task/releases/download/v3.54.0/task_darwin_amd64.tar.gz"
url_api = "https://api.github.com/repos/go-task/task/releases/assets/604090006"

[tools.task."platforms.windows-x64"]
checksum = "sha256:837f42f71899ea41d07a47acc81d4d6ea80cb41c68292345f915c656473efcb7"
url = "https://github.com/go-task/task/releases/download/v3.54.0/task_windows_amd64.zip"
url_api = "https://api.github.com/repos/go-task/task/releases/assets/604090005"
